Microsoft Visual Studio Solution File, Format Version 12.00
# Visual Studio Version 17
VisualStudioVersion = 17.5.2.0
MinimumVisualStudioVersion = 10.0.40219.1
Project("{FAE04EC0-301F-11D3-BF4B-00C04F79EFBC}") = "ProjetoEstacionamento C#", "ProjetoEstacionamento C#.csproj", "{C664A3F9-BFD3-3652-076C-6B21C179616C}"
EndProject
Global
	GlobalSection(SolutionConfigurationPlatforms) = preSolution
		Debug|Any CPU = Debug|Any CPU
		Release|Any CPU = Release|Any CPU
	EndGlobalSection
	GlobalSection(ProjectConfigurationPlatforms) = postSolution
		{C664A3F9-BFD3-3652-076C-6B21C179616C}.Debug|Any CPU.ActiveCfg = Debug|Any CPU
		{C664A3F9-BFD3-3652-076C-6B21C179616C}.Debug|Any CPU.Build.0 = Debug|Any CPU
		{C664A3F9-BFD3-3652-076C-6B21C179616C}.Release|Any CPU.ActiveCfg = Release|Any CPU
		{C664A3F9-BFD3-3652-076C-6B21C179616C}.Release|Any CPU.Build.0 = Release|Any CPU
	EndGlobalSection
	GlobalSection(SolutionProperties) = preSolution
		HideSolutionNode = FALSE
	EndGlobalSection
	GlobalSection(ExtensibilityGlobals) = postSolution
		SolutionGuid = {277C74B7-9CAC-4D00-9BD2-449FAE1DDABC}
	EndGlobalSection
EndGlobal
